
Microsoft Visual Studio Solution File, Format Version 11.00
# Visual Studio 2010
Project("{FAE04EC0-301F-11D3-BF4B-00C04F79EFBC}") = "Calm", "Calm\Calm.csproj", "{0E2CAD6B-7CC4-4CBD-A849-A9E3C90FAADF}"
EndProject
Project("{FAE04EC0-301F-11D3-BF4B-00C04F79EFBC}") = "Calm.Tests", "Calm.Tests\Calm.Tests.csproj", "{AE81AF0C-BC46-4D52-98EB-5E3415986323}"
EndProject
Project("{2150E333-8FDC-42A3-9474-1A3956D46DE8}") = ".nuget", ".nuget", "{18F47ADF-295A-4703-8E87-F644002D238A}"
	ProjectSection(SolutionItems) = preProject
		.nuget\NuGet.Config = .nuget\NuGet.Config
		.nuget\NuGet.exe = .nuget\NuGet.exe
		.nuget\NuGet.targets = .nuget\NuGet.targets
	EndProjectSection
EndProject
Global
	GlobalSection(SolutionConfigurationPlatforms) = preSolution
		Debug|x86 = Debug|x86
		Release|x86 = Release|x86
	EndGlobalSection
	GlobalSection(ProjectConfigurationPlatforms) = postSolution
		{0E2CAD6B-7CC4-4CBD-A849-A9E3C90FAADF}.Debug|x86.ActiveCfg = Debug|x86
		{0E2CAD6B-7CC4-4CBD-A849-A9E3C90FAADF}.Debug|x86.Build.0 = Debug|x86
		{0E2CAD6B-7CC4-4CBD-A849-A9E3C90FAADF}.Release|x86.ActiveCfg = Release|x86
		{0E2CAD6B-7CC4-4CBD-A849-A9E3C90FAADF}.Release|x86.Build.0 = Release|x86
		{AE81AF0C-BC46-4D52-98EB-5E3415986323}.Debug|x86.ActiveCfg = Debug|x86
		{AE81AF0C-BC46-4D52-98EB-5E3415986323}.Debug|x86.Build.0 = Debug|x86
		{AE81AF0C-BC46-4D52-98EB-5E3415986323}.Release|x86.ActiveCfg = Release|x86
		{AE81AF0C-BC46-4D52-98EB-5E3415986323}.Release|x86.Build.0 = Release|x86
	EndGlobalSection
	GlobalSection(SolutionProperties) = preSolution
		HideSolutionNode = FALSE
	EndGlobalSection
EndGlobal
